// !$*UTF8*$!
{
	archiveVersion = 1;
	classes = {
	};
	objectVersion = 46;
	objects = {

/* Begin PBXBuildFile section */
		347CDDAB26D5EDF17C8F37A0 /* Pods_batch13.framework in Frameworks */ = {isa = PBXBuildFile; fileRef = 50FF28E59D365F89E6D5AA42 /* Pods_batch13.framework */; };
		554CD0C71E53F24C00C78A15 /* FoursService.swift in Sources */ = {isa = PBXBuildFile; fileRef = 554CD0C61E53F24C00C78A15 /* FoursService.swift */; };
		554DC5791E5D21BE00759D92 /* Errors.swift in Sources */ = {isa = PBXBuildFile; fileRef = 554DC5781E5D21BE00759D92 /* Errors.swift */; };
		554DC57B1E5FC48800759D92 /* UserService.swift in Sources */ = {isa = PBXBuildFile; fileRef = 554DC57A1E5FC48800759D92 /* UserService.swift */; };
		558FF9D91E568FE7002279E3 /* MapViewController.swift in Sources */ = {isa = PBXBuildFile; fileRef = 558FF9D81E568FE7002279E3 /* MapViewController.swift */; };
		558FF9DB1E5697D9002279E3 /* MapService.swift in Sources */ = {isa = PBXBuildFile; fileRef = 558FF9DA1E5697D9002279E3 /* MapService.swift */; };
		55B8BF371E529A510015D7EE /* extensions.swift in Sources */ = {isa = PBXBuildFile; fileRef = 55B8BF361E529A510015D7EE /* extensions.swift */; };
		55B8BF391E529BC60015D7EE /* CustomControls.swift in Sources */ = {isa = PBXBuildFile; fileRef = 55B8BF381E529BC60015D7EE /* CustomControls.swift */; };
		55B8BF3D1E52AAF20015D7EE /* WelcomeViewController.swift in Sources */ = {isa = PBXBuildFile; fileRef = 55B8BF3C1E52AAF20015D7EE /* WelcomeViewController.swift */; };
		55B8BF3F1E52B1D80015D7EE /* WelcomeCollectionViewCell.swift in Sources */ = {isa = PBXBuildFile; fileRef = 55B8BF3E1E52B1D80015D7EE /* WelcomeCollectionViewCell.swift */; };
		55D562991E442D8C005E9240 /* AppDelegate.swift in Sources */ = {isa = PBXBuildFile; fileRef = 55D562981E442D8C005E9240 /* AppDelegate.swift */; };
		55D5629B1E442D8C005E9240 /* ViewController.swift in Sources */ = {isa = PBXBuildFile; fileRef = 55D5629A1E442D8C005E9240 /* ViewController.swift */; };
		55D5629E1E442D8C005E9240 /* Main.storyboard in Resources */ = {isa = PBXBuildFile; fileRef = 55D5629C1E442D8C005E9240 /* Main.storyboard */; };
		55D562A01E442D8C005E9240 /* Assets.xcassets in Resources */ = {isa = PBXBuildFile; fileRef = 55D5629F1E442D8C005E9240 /* Assets.xcassets */; };
		55D562A31E442D8C005E9240 /* LaunchScreen.storyboard in Resources */ = {isa = PBXBuildFile; fileRef = 55D562A11E442D8C005E9240 /* LaunchScreen.storyboard */; };
		55D562AE1E442D8D005E9240 /* batch13Tests.swift in Sources */ = {isa = PBXBuildFile; fileRef = 55D562AD1E442D8D005E9240 /* batch13Tests.swift */; };
		55D562B91E442D8D005E9240 /* batch13UITests.swift in Sources */ = {isa = PBXBuildFile; fileRef = 55D562B81E442D8D005E9240 /* batch13UITests.swift */; };
		55EDE5A81E5BCFF4004D1EA3 /* Place.swift in Sources */ = {isa = PBXBuildFile; fileRef = 55EDE5A71E5BCFF4004D1EA3 /* Place.swift */; };
/* End PBXBuildFile section */

/* Begin PBXContainerItemProxy section */
		55D562AA1E442D8C005E9240 /* PBXContainerItemProxy */ = {
			isa = PBXContainerItemProxy;
			containerPortal = 55D5628D1E442D8C005E9240 /* Project object */;
			proxyType = 1;
			remoteGlobalIDString = 55D562941E442D8C005E9240;
			remoteInfo = batch13;
		};
		55D562B51E442D8D005E9240 /* PBXContainerItemProxy */ = {
			isa = PBXContainerItemProxy;
			containerPortal = 55D5628D1E442D8C005E9240 /* Project object */;
			proxyType = 1;
			remoteGlobalIDString = 55D562941E442D8C005E9240;
			remoteInfo = batch13;
		};
/* End PBXContainerItemProxy section */

/* Begin PBXFileReference section */
		50FF28E59D365F89E6D5AA42 /* Pods_batch13.framework */ = {isa = PBXFileReference; explicitFileType = wrapper.framework; includeInIndex = 0; path = Pods_batch13.framework; sourceTree = BUILT_PRODUCTS_DIR; };
		554CD0C61E53F24C00C78A15 /* FoursService.swift */ = {isa = PBXFileReference; fileEncoding = 4; lastKnownFileType = sourcecode.swift; path = FoursService.swift; sourceTree = "<group>"; };
		554DC5781E5D21BE00759D92 /* Errors.swift */ = {isa = PBXFileReference; fileEncoding = 4; lastKnownFileType = sourcecode.swift; path = Errors.swift; sourceTree = "<group>"; };
		554DC57A1E5FC48800759D92 /* UserService.swift */ = {isa = PBXFileReference; fileEncoding = 4; lastKnownFileType = sourcecode.swift; path = UserService.swift; sourceTree = "<group>"; };
		558FF9D81E568FE7002279E3 /* MapViewController.swift */ = {isa = PBXFileReference; fileEncoding = 4; lastKnownFileType = sourcecode.swift; path = MapViewController.swift; sourceTree = "<group>"; };
		558FF9DA1E5697D9002279E3 /* MapService.swift */ = {isa = PBXFileReference; fileEncoding = 4; lastKnownFileType = sourcecode.swift; path = MapService.swift; sourceTree = "<group>"; };
		55B8BF361E529A510015D7EE /* extensions.swift */ = {isa = PBXFileReference; fileEncoding = 4; lastKnownFileType = sourcecode.swift; path = extensions.swift; sourceTree = "<group>"; };
		55B8BF381E529BC60015D7EE /* CustomControls.swift */ = {isa = PBXFileReference; fileEncoding = 4; lastKnownFileType = sourcecode.swift; path = CustomControls.swift; sourceTree = "<group>"; };
		55B8BF3C1E52AAF20015D7EE /* WelcomeViewController.swift */ = {isa = PBXFileReference; fileEncoding = 4; lastKnownFileType = sourcecode.swift; path = WelcomeViewController.swift; sourceTree = "<group>"; };
		55B8BF3E1E52B1D80015D7EE /* WelcomeCollectionViewCell.swift */ = {isa = PBXFileReference; fileEncoding = 4; lastKnownFileType = sourcecode.swift; path = WelcomeCollectionViewCell.swift; sourceTree = "<group>"; };
		55D562951E442D8C005E9240 /* batch13.app */ = {isa = PBXFileReference; explicitFileType = wrapper.application; includeInIndex = 0; path = batch13.app; sourceTree = BUILT_PRODUCTS_DIR; };
		55D562981E442D8C005E9240 /* AppDelegate.swift */ = {isa = PBXFileReference; lastKnownFileType = sourcecode.swift; path = AppDelegate.swift; sourceTree = "<group>"; };
		55D5629A1E442D8C005E9240 /* ViewController.swift */ = {isa = PBXFileReference; lastKnownFileType = sourcecode.swift; path = ViewController.swift; sourceTree = "<group>"; };
		55D5629D1E442D8C005E9240 /* Base */ = {isa = PBXFileReference; lastKnownFileType = file.storyboard; name = Base; path = Base.lproj/Main.storyboard; sourceTree = "<group>"; };
		55D5629F1E442D8C005E9240 /* Assets.xcassets */ = {isa = PBXFileReference; lastKnownFileType = folder.assetcatalog; path = Assets.xcassets; sourceTree = "<group>"; };
		55D562A21E442D8C005E9240 /* Base */ = {isa = PBXFileReference; lastKnownFileType = file.storyboard; name = Base; path = Base.lproj/LaunchScreen.storyboard; sourceTree = "<group>"; };
		55D562A41E442D8C005E9240 /* Info.plist */ = {isa = PBXFileReference; lastKnownFileType = text.plist.xml; path = Info.plist; sourceTree = "<group>"; };
		55D562A91E442D8C005E9240 /* batch13Tests.xctest */ = {isa = PBXFileReference; explicitFileType = wrapper.cfbundle; includeInIndex = 0; path = batch13Tests.xctest; sourceTree = BUILT_PRODUCTS_DIR; };
		55D562AD1E442D8D005E9240 /* batch13Tests.swift */ = {isa = PBXFileReference; lastKnownFileType = sourcecode.swift; path = batch13Tests.swift; sourceTree = "<group>"; };
		55D562AF1E442D8D005E9240 /* Info.plist */ = {isa = PBXFileReference; lastKnownFileType = text.plist.xml; path = Info.plist; sourceTree = "<group>"; };
		55D562B41E442D8D005E9240 /* batch13UITests.xctest */ = {isa = PBXFileReference; explicitFileType = wrapper.cfbundle; includeInIndex = 0; path = batch13UITests.xctest; sourceTree = BUILT_PRODUCTS_DIR; };
		55D562B81E442D8D005E9240 /* batch13UITests.swift */ = {isa = PBXFileReference; lastKnownFileType = sourcecode.swift; path = batch13UITests.swift; sourceTree = "<group>"; };
		55D562BA1E442D8D005E9240 /* Info.plist */ = {isa = PBXFileReference; lastKnownFileType = text.plist.xml; path = Info.plist; sourceTree = "<group>"; };
		55EDE5A71E5BCFF4004D1EA3 /* Place.swift */ = {isa = PBXFileReference; fileEncoding = 4; lastKnownFileType = sourcecode.swift; path = Place.swift; sourceTree = "<group>"; };
		AD32533F543C43146503F9F8 /* Pods-batch13.release.xcconfig */ = {isa = PBXFileReference; includeInIndex = 1; lastKnownFileType = text.xcconfig; name = "Pods-batch13.release.xcconfig"; path = "Pods/Target Support Files/Pods-batch13/Pods-batch13.release.xcconfig"; sourceTree = "<group>"; };
		E2A4070CADC15C9E413AFFC1 /* Pods-batch13.debug.xcconfig */ = {isa = PBXFileReference; includeInIndex = 1; lastKnownFileType = text.xcconfig; name = "Pods-batch13.debug.xcconfig"; path = "Pods/Target Support Files/Pods-batch13/Pods-batch13.debug.xcconfig"; sourceTree = "<group>"; };
/* End PBXFileReference section */

/* Begin PBXFrameworksBuildPhase section */
		55D562921E442D8C005E9240 /* Frameworks */ = {
			isa = PBXFrameworksBuildPhase;
			buildActionMask = 2147483647;
			files = (
				347CDDAB26D5EDF17C8F37A0 /* Pods_batch13.framework in Frameworks */,
			);
			runOnlyForDeploymentPostprocessing = 0;
		};
		55D562A61E442D8C005E9240 /* Frameworks */ = {
			isa = PBXFrameworksBuildPhase;
			buildActionMask = 2147483647;
			files = (
			);
			runOnlyForDeploymentPostprocessing = 0;
		};
		55D562B11E442D8D005E9240 /* Frameworks */ = {
			isa = PBXFrameworksBuildPhase;
			buildActionMask = 2147483647;
			files = (
			);
			runOnlyForDeploymentPostprocessing = 0;
		};
/* End PBXFrameworksBuildPhase section */

/* Begin PBXGroup section */
		4152EED39D847CB5B425D230 /* Pods */ = {
			isa = PBXGroup;
			children = (
				E2A4070CADC15C9E413AFFC1 /* Pods-batch13.debug.xcconfig */,
				AD32533F543C43146503F9F8 /* Pods-batch13.release.xcconfig */,
			);
			name = Pods;
			sourceTree = "<group>";
		};
		554CD0C51E53F23200C78A15 /* Services */ = {
			isa = PBXGroup;
			children = (
				554CD0C61E53F24C00C78A15 /* FoursService.swift */,
				558FF9DA1E5697D9002279E3 /* MapService.swift */,
				554DC57A1E5FC48800759D92 /* UserService.swift */,
			);
			name = Services;
			sourceTree = "<group>";
		};
		55B8BF351E529A130015D7EE /* Helpers */ = {
			isa = PBXGroup;
			children = (
				55B8BF361E529A510015D7EE /* extensions.swift */,
				55B8BF381E529BC60015D7EE /* CustomControls.swift */,
			);
			name = Helpers;
			sourceTree = "<group>";
		};
		55D5628C1E442D8C005E9240 = {
			isa = PBXGroup;
			children = (
				55D562971E442D8C005E9240 /* batch13 */,
				55D562AC1E442D8D005E9240 /* batch13Tests */,
				55D562B71E442D8D005E9240 /* batch13UITests */,
				55D562961E442D8C005E9240 /* Products */,
				4152EED39D847CB5B425D230 /* Pods */,
				E423E6403F25DD3BD0A84CFB /* Frameworks */,
			);
			sourceTree = "<group>";
		};
		55D562961E442D8C005E9240 /* Products */ = {
			isa = PBXGroup;
			children = (
				55D562951E442D8C005E9240 /* batch13.app */,
				55D562A91E442D8C005E9240 /* batch13Tests.xctest */,
				55D562B41E442D8D005E9240 /* batch13UITests.xctest */,
			);
			name = Products;
			sourceTree = "<group>";
		};
		55D562971E442D8C005E9240 /* batch13 */ = {
			isa = PBXGroup;
			children = (
				55EDE5A61E5BCE04004D1EA3 /* Models */,
				554CD0C51E53F23200C78A15 /* Services */,
				55B8BF351E529A130015D7EE /* Helpers */,
				55D562981E442D8C005E9240 /* AppDelegate.swift */,
				55D5629A1E442D8C005E9240 /* ViewController.swift */,
				558FF9D81E568FE7002279E3 /* MapViewController.swift */,
				55D5629C1E442D8C005E9240 /* Main.storyboard */,
				55D5629F1E442D8C005E9240 /* Assets.xcassets */,
				55D562A11E442D8C005E9240 /* LaunchScreen.storyboard */,
				55D562A41E442D8C005E9240 /* Info.plist */,
				55B8BF3C1E52AAF20015D7EE /* WelcomeViewController.swift */,
				55B8BF3E1E52B1D80015D7EE /* WelcomeCollectionViewCell.swift */,
				554DC5781E5D21BE00759D92 /* Errors.swift */,
			);
			path = batch13;
			sourceTree = "<group>";
		};
		55D562AC1E442D8D005E9240 /* batch13Tests */ = {
			isa = PBXGroup;
			children = (
				55D562AD1E442D8D005E9240 /* batch13Tests.swift */,
				55D562AF1E442D8D005E9240 /* Info.plist */,
			);
			path = batch13Tests;
			sourceTree = "<group>";
		};
		55D562B71E442D8D005E9240 /* batch13UITests */ = {
			isa = PBXGroup;
			children = (
				55D562B81E442D8D005E9240 /* batch13UITests.swift */,
				55D562BA1E442D8D005E9240 /* Info.plist */,
			);
			path = batch13UITests;
			sourceTree = "<group>";
		};
		55EDE5A61E5BCE04004D1EA3 /* Models */ = {
			isa = PBXGroup;
			children = (
				55EDE5A71E5BCFF4004D1EA3 /* Place.swift */,
			);
			name = Models;
			sourceTree = "<group>";
		};
		E423E6403F25DD3BD0A84CFB /* Frameworks */ = {
			isa = PBXGroup;
			children = (
				50FF28E59D365F89E6D5AA42 /* Pods_batch13.framework */,
			);
			name = Frameworks;
			sourceTree = "<group>";
		};
/* End PBXGroup section */

/* Begin PBXNativeTarget section */
		55D562941E442D8C005E9240 /* batch13 */ = {
			isa = PBXNativeTarget;
			buildConfigurationList = 55D562BD1E442D8D005E9240 /* Build configuration list for PBXNativeTarget "batch13" */;
			buildPhases = (
				4776364300D3CB5BCCA69F1A /* [CP] Check Pods Manifest.lock */,
				55D562911E442D8C005E9240 /* Sources */,
				55D562921E442D8C005E9240 /* Frameworks */,
				55D562931E442D8C005E9240 /* Resources */,
				8D008EBC88C3764D1A56E68B /* [CP] Embed Pods Frameworks */,
				5DCC01B7A7A03878D3C1B971 /* [CP] Copy Pods Resources */,
			);
			buildRules = (
			);
			dependencies = (
			);
			name = batch13;
			productName = batch13;
			productReference = 55D562951E442D8C005E9240 /* batch13.app */;
			productType = "com.apple.product-type.application";
		};
		55D562A81E442D8C005E9240 /* batch13Tests */ = {
			isa = PBXNativeTarget;
			buildConfigurationList = 55D562C01E442D8D005E9240 /* Build configuration list for PBXNativeTarget "batch13Tests" */;
			buildPhases = (
				55D562A51E442D8C005E9240 /* Sources */,
				55D562A61E442D8C005E9240 /* Frameworks */,
				55D562A71E442D8C005E9240 /* Resources */,
			);
			buildRules = (
			);
			dependencies = (
				55D562AB1E442D8C005E9240 /* PBXTargetDependency */,
			);
			name = batch13Tests;
			productName = batch13Tests;
			productReference = 55D562A91E442D8C005E9240 /* batch13Tests.xctest */;
			productType = "com.apple.product-type.bundle.unit-test";
		};
		55D562B31E442D8D005E9240 /* batch13UITests */ = {
			isa = PBXNativeTarget;
			buildConfigurationList = 55D562C31E442D8D005E9240 /* Build configuration list for PBXNativeTarget "batch13UITests" */;
			buildPhases = (
				55D562B01E442D8D005E9240 /* Sources */,
				55D562B11E442D8D005E9240 /* Frameworks */,
				55D562B21E442D8D005E9240 /* Resources */,
			);
			buildRules = (
			);
			dependencies = (
				55D562B61E442D8D005E9240 /* PBXTargetDependency */,
			);
			name = batch13UITests;
			productName = batch13UITests;
			productReference = 55D562B41E442D8D005E9240 /* batch13UITests.xctest */;
			productType = "com.apple.product-type.bundle.ui-testing";
		};
/* End PBXNativeTarget section */

/* Begin PBXProject section */
		55D5628D1E442D8C005E9240 /* Project object */ = {
			isa = PBXProject;
			attributes = {
				LastSwiftUpdateCheck = 0820;
				LastUpgradeCheck = 0820;
				ORGANIZATIONNAME = devf;
				TargetAttributes = {
					55D562941E442D8C005E9240 = {
						CreatedOnToolsVersion = 8.2.1;
						ProvisioningStyle = Automatic;
						SystemCapabilities = {
							com.apple.BackgroundModes = {
								enabled = 0;
							};
						};
					};
					55D562A81E442D8C005E9240 = {
						CreatedOnToolsVersion = 8.2.1;
						ProvisioningStyle = Automatic;
						TestTargetID = 55D562941E442D8C005E9240;
					};
					55D562B31E442D8D005E9240 = {
						CreatedOnToolsVersion = 8.2.1;
						ProvisioningStyle = Automatic;
						TestTargetID = 55D562941E442D8C005E9240;
					};
				};
			};
			buildConfigurationList = 55D562901E442D8C005E9240 /* Build configuration list for PBXProject "batch13" */;
			compatibilityVersion = "Xcode 3.2";
			developmentRegion = English;
			hasScannedForEncodings = 0;
			knownRegions = (
				en,
				Base,
			);
			mainGroup = 55D5628C1E442D8C005E9240;
			productRefGroup = 55D562961E442D8C005E9240 /* Products */;
			projectDirPath = "";
			projectRoot = "";
			targets = (
				55D562941E442D8C005E9240 /* batch13 */,
				55D562A81E442D8C005E9240 /* batch13Tests */,
				55D562B31E442D8D005E9240 /* batch13UITests */,
			);
		};
/* End PBXProject section */

/* Begin PBXResourcesBuildPhase section */
		55D562931E442D8C005E9240 /* Resources */ = {
			isa = PBXResourcesBuildPhase;
			buildActionMask = 2147483647;
			files = (
				55D562A31E442D8C005E9240 /* LaunchScreen.storyboard in Resources */,
				55D562A01E442D8C005E9240 /* Assets.xcassets in Resources */,
				55D5629E1E442D8C005E9240 /* Main.storyboard in Resources */,
			);
			runOnlyForDeploymentPostprocessing = 0;
		};
		55D562A71E442D8C005E9240 /* Resources */ = {
			isa = PBXResourcesBuildPhase;
			buildActionMask = 2147483647;
			files = (
			);
			runOnlyForDeploymentPostprocessing = 0;
		};
		55D562B21E442D8D005E9240 /* Resources */ = {
			isa = PBXResourcesBuildPhase;
			buildActionMask = 2147483647;
			files = (
			);
			runOnlyForDeploymentPostprocessing = 0;
		};
/* End PBXResourcesBuildPhase section */

/* Begin PBXShellScriptBuildPhase section */
		4776364300D3CB5BCCA69F1A /* [CP] Check Pods Manifest.lock */ = {
			isa = PBXShellScriptBuildPhase;
			buildActionMask = 2147483647;
			files = (
			);
			inputPaths = (
			);
			name = "[CP] Check Pods Manifest.lock";
			outputPaths = (
			);
			runOnlyForDeploymentPostprocessing = 0;
			shellPath = /bin/sh;
			shellScript = "diff \"${PODS_ROOT}/../Podfile.lock\" \"${PODS_ROOT}/Manifest.lock\" > /dev/null\nif [ $? != 0 ] ; then\n    # print error to STDERR\n    echo \"error: The sandbox is not in sync with the Podfile.lock. Run 'pod install' or update your CocoaPods installation.\" >&2\n    exit 1\nfi\n";
			showEnvVarsInLog = 0;
		};
		5DCC01B7A7A03878D3C1B971 /* [CP] Copy Pods Resources */ = {
			isa = PBXShellScriptBuildPhase;
			buildActionMask = 2147483647;
			files = (
			);
			inputPaths = (
			);
			name = "[CP] Copy Pods Resources";
			outputPaths = (
			);
			runOnlyForDeploymentPostprocessing = 0;
			shellPath = /bin/sh;
			shellScript = "\"${SRCROOT}/Pods/Target Support Files/Pods-batch13/Pods-batch13-resources.sh\"\n";
			showEnvVarsInLog = 0;
		};
		8D008EBC88C3764D1A56E68B /* [CP] Embed Pods Frameworks */ = {
			isa = PBXShellScriptBuildPhase;
			buildActionMask = 2147483647;
			files = (
			);
			inputPaths = (
			);
			name = "[CP] Embed Pods Frameworks";
			outputPaths = (
			);
			runOnlyForDeploymentPostprocessing = 0;
			shellPath = /bin/sh;
			shellScript = "\"${SRCROOT}/Pods/Target Support Files/Pods-batch13/Pods-batch13-frameworks.sh\"\n";
			showEnvVarsInLog = 0;
		};
/* End PBXShellScriptBuildPhase section */

/* Begin PBXSourcesBuildPhase section */
		55D562911E442D8C005E9240 /* Sources */ = {
			isa = PBXSourcesBuildPhase;
			buildActionMask = 2147483647;
			files = (
				55D5629B1E442D8C005E9240 /* ViewController.swift in Sources */,
				55B8BF3F1E52B1D80015D7EE /* WelcomeCollectionViewCell.swift in Sources */,
				55B8BF3D1E52AAF20015D7EE /* WelcomeViewController.swift in Sources */,
				55D562991E442D8C005E9240 /* AppDelegate.swift in Sources */,
				55B8BF391E529BC60015D7EE /* CustomControls.swift in Sources */,
				554CD0C71E53F24C00C78A15 /* FoursService.swift in Sources */,
				55B8BF371E529A510015D7EE /* extensions.swift in Sources */,
				554DC5791E5D21BE00759D92 /* Errors.swift in Sources */,
				554DC57B1E5FC48800759D92 /* UserService.swift in Sources */,
				558FF9D91E568FE7002279E3 /* MapViewController.swift in Sources */,
				558FF9DB1E5697D9002279E3 /* MapService.swift in Sources */,
				55EDE5A81E5BCFF4004D1EA3 /* Place.swift in Sources */,
			);
			runOnlyForDeploymentPostprocessing = 0;
		};
		55D562A51E442D8C005E9240 /* Sources */ = {
			isa = PBXSourcesBuildPhase;
			buildActionMask = 2147483647;
			files = (
				55D562AE1E442D8D005E9240 /* batch13Tests.swift in Sources */,
			);
			runOnlyForDeploymentPostprocessing = 0;
		};
		55D562B01E442D8D005E9240 /* Sources */ = {
			isa = PBXSourcesBuildPhase;
			buildActionMask = 2147483647;
			files = (
				55D562B91E442D8D005E9240 /* batch13UITests.swift in Sources */,
			);
			runOnlyForDeploymentPostprocessing = 0;
		};
/* End PBXSourcesBuildPhase section */

/* Begin PBXTargetDependency section */
		55D562AB1E442D8C005E9240 /* PBXTargetDependency */ = {
			isa = PBXTargetDependency;
			target = 55D562941E442D8C005E9240 /* batch13 */;
			targetProxy = 55D562AA1E442D8C005E9240 /* PBXContainerItemProxy */;
		};
		55D562B61E442D8D005E9240 /* PBXTargetDependency */ = {
			isa = PBXTargetDependency;
			target = 55D562941E442D8C005E9240 /* batch13 */;
			targetProxy = 55D562B51E442D8D005E9240 /* PBXContainerItemProxy */;
		};
/* End PBXTargetDependency section */

/* Begin PBXVariantGroup section */
		55D5629C1E442D8C005E9240 /* Main.storyboard */ = {
			isa = PBXVariantGroup;
			children = (
				55D5629D1E442D8C005E9240 /* Base */,
			);
			name = Main.storyboard;
			sourceTree = "<group>";
		};
		55D562A11E442D8C005E9240 /* LaunchScreen.storyboard */ = {
			isa = PBXVariantGroup;
			children = (
				55D562A21E442D8C005E9240 /* Base */,
			);
			name = LaunchScreen.storyboard;
			sourceTree = "<group>";
		};
/* End PBXVariantGroup section */

/* Begin XCBuildConfiguration section */
		55D562BB1E442D8D005E9240 /* Debug */ = {
			isa = XCBuildConfiguration;
			buildSettings = {
				ALWAYS_SEARCH_USER_PATHS = NO;
				CLANG_ANALYZER_NONNULL = YES;
				CLANG_CXX_LANGUAGE_STANDARD = "gnu++0x";
				CLANG_CXX_LIBRARY = "libc++";
				CLANG_ENABLE_MODULES = YES;
				CLANG_ENABLE_OBJC_ARC = YES;
				CLANG_WARN_BOOL_CONVERSION = YES;
				CLANG_WARN_CONSTANT_CONVERSION = YES;
				CLANG_WARN_DIRECT_OBJC_ISA_USAGE = YES_ERROR;
				CLANG_WARN_DOCUMENTATION_COMMENTS = YES;
				CLANG_WARN_EMPTY_BODY = YES;
				CLANG_WARN_ENUM_CONVERSION = YES;
				CLANG_WARN_INFINITE_RECURSION = YES;
				CLANG_WARN_INT_CONVERSION = YES;
				CLANG_WARN_OBJC_ROOT_CLASS = YES_ERROR;
				CLANG_WARN_SUSPICIOUS_MOVE = YES;
				CLANG_WARN_UNREACHABLE_CODE = YES;
				CLANG_WARN__DUPLICATE_METHOD_MATCH = YES;
				"CODE_SIGN_IDENTITY[sdk=iphoneos*]" = "iPhone Developer";
				COPY_PHASE_STRIP = NO;
				DEBUG_INFORMATION_FORMAT = dwarf;
				ENABLE_STRICT_OBJC_MSGSEND = YES;
				ENABLE_TESTABILITY = YES;
				GCC_C_LANGUAGE_STANDARD = gnu99;
				GCC_DYNAMIC_NO_PIC = NO;
				GCC_NO_COMMON_BLOCKS = YES;
				GCC_OPTIMIZATION_LEVEL = 0;
				GCC_PREPROCESSOR_DEFINITIONS = (
					"DEBUG=1",
					"$(inherited)",
				);
				GCC_WARN_64_TO_32_BIT_CONVERSION = YES;
				GCC_WARN_ABOUT_RETURN_TYPE = YES_ERROR;
				GCC_WARN_UNDECLARED_SELECTOR = YES;
				GCC_WARN_UNINITIALIZED_AUTOS = YES_AGGRESSIVE;
				GCC_WARN_UNUSED_FUNCTION = YES;
				GCC_WARN_UNUSED_VARIABLE = YES;
				IPHONEOS_DEPLOYMENT_TARGET = 10.2;
				MTL_ENABLE_DEBUG_INFO = YES;
				ONLY_ACTIVE_ARCH = YES;
				SDKROOT = iphoneos;
				SWIFT_ACTIVE_COMPILATION_CONDITIONS = DEBUG;
				SWIFT_OPTIMIZATION_LEVEL = "-Onone";
				TARGETED_DEVICE_FAMILY = "1,2";
			};
			name = Debug;
		};
		55D562BC1E442D8D005E9240 /* Release */ = {
			isa = XCBuildConfiguration;
			buildSettings = {
				ALWAYS_SEARCH_USER_PATHS = NO;
				CLANG_ANALYZER_NONNULL = YES;
				CLANG_CXX_LANGUAGE_STANDARD = "gnu++0x";
				CLANG_CXX_LIBRARY = "libc++";
				CLANG_ENABLE_MODULES = YES;
				CLANG_ENABLE_OBJC_ARC = YES;
				CLANG_WARN_BOOL_CONVERSION = YES;
				CLANG_WARN_CONSTANT_CONVERSION = YES;
				CLANG_WARN_DIRECT_OBJC_ISA_USAGE = YES_ERROR;
				CLANG_WARN_DOCUMENTATION_COMMENTS = YES;
				CLANG_WARN_EMPTY_BODY = YES;
				CLANG_WARN_ENUM_CONVERSION = YES;
				CLANG_WARN_INFINITE_RECURSION = YES;
				CLANG_WARN_INT_CONVERSION = YES;
				CLANG_WARN_OBJC_ROOT_CLASS = YES_ERROR;
				CLANG_WARN_SUSPICIOUS_MOVE = YES;
				CLANG_WARN_UNREACHABLE_CODE = YES;
				CLANG_WARN__DUPLICATE_METHOD_MATCH = YES;
				"CODE_SIGN_IDENTITY[sdk=iphoneos*]" = "iPhone Developer";
				COPY_PHASE_STRIP = NO;
				DEBUG_INFORMATION_FORMAT = "dwarf-with-dsym";
				ENABLE_NS_ASSERTIONS = NO;
				ENABLE_STRICT_OBJC_MSGSEND = YES;
				GCC_C_LANGUAGE_STANDARD = gnu99;
				GCC_NO_COMMON_BLOCKS = YES;
				GCC_WARN_64_TO_32_BIT_CONVERSION = YES;
				GCC_WARN_ABOUT_RETURN_TYPE = YES_ERROR;
				GCC_WARN_UNDECLARED_SELECTOR = YES;
				GCC_WARN_UNINITIALIZED_AUTOS = YES_AGGRESSIVE;
				GCC_WARN_UNUSED_FUNCTION = YES;
				GCC_WARN_UNUSED_VARIABLE = YES;
				IPHONEOS_DEPLOYMENT_TARGET = 10.2;
				MTL_ENABLE_DEBUG_INFO = NO;
				SDKROOT = iphoneos;
				SWIFT_OPTIMIZATION_LEVEL = "-Owholemodule";
				TARGETED_DEVICE_FAMILY = "1,2";
				VALIDATE_PRODUCT = YES;
			};
			name = Release;
		};
		55D562BE1E442D8D005E9240 /* Debug */ = {
			isa = XCBuildConfiguration;
			baseConfigurationReference = E2A4070CADC15C9E413AFFC1 /* Pods-batch13.debug.xcconfig */;
			buildSettings = {
				ASSETCATALOG_COMPILER_APPICON_NAME = AppIcon;
				INFOPLIST_FILE = batch13/Info.plist;
				IPHONEOS_DEPLOYMENT_TARGET = 10.0;
				LD_RUNPATH_SEARCH_PATHS = "$(inherited) @executable_path/Frameworks";
				PRODUCT_BUNDLE_IDENTIFIER = com.devf.batch13;
				PRODUCT_NAME = "$(TARGET_NAME)";
				SWIFT_VERSION = 3.0;
			};
			name = Debug;
		};
		55D562BF1E442D8D005E9240 /* Release */ = {
			isa = XCBuildConfiguration;
			baseConfigurationReference = AD32533F543C43146503F9F8 /* Pods-batch13.release.xcconfig */;
			buildSettings = {
				ASSETCATALOG_COMPILER_APPICON_NAME = AppIcon;
				INFOPLIST_FILE = batch13/Info.plist;
				IPHONEOS_DEPLOYMENT_TARGET = 10.0;
				LD_RUNPATH_SEARCH_PATHS = "$(inherited) @executable_path/Frameworks";
				PRODUCT_BUNDLE_IDENTIFIER = com.devf.batch13;
				PRODUCT_NAME = "$(TARGET_NAME)";
				SWIFT_VERSION = 3.0;
			};
			name = Release;
		};
		55D562C11E442D8D005E9240 /* Debug */ = {
			isa = XCBuildConfiguration;
			buildSettings = {
				ALWAYS_EMBED_SWIFT_STANDARD_LIBRARIES = YES;
				BUNDLE_LOADER = "$(TEST_HOST)";
				INFOPLIST_FILE = batch13Tests/Info.plist;
				LD_RUNPATH_SEARCH_PATHS = "$(inherited) @executable_path/Frameworks @loader_path/Frameworks";
				PRODUCT_BUNDLE_IDENTIFIER = com.devf.batch13Tests;
				PRODUCT_NAME = "$(TARGET_NAME)";
				SWIFT_VERSION = 3.0;
				TEST_HOST = "$(BUILT_PRODUCTS_DIR)/batch13.app/batch13";
			};
			name = Debug;
		};
		55D562C21E442D8D005E9240 /* Release */ = {
			isa = XCBuildConfiguration;
			buildSettings = {
				ALWAYS_EMBED_SWIFT_STANDARD_LIBRARIES = YES;
				BUNDLE_LOADER = "$(TEST_HOST)";
				INFOPLIST_FILE = batch13Tests/Info.plist;
				LD_RUNPATH_SEARCH_PATHS = "$(inherited) @executable_path/Frameworks @loader_path/Frameworks";
				PRODUCT_BUNDLE_IDENTIFIER = com.devf.batch13Tests;
				PRODUCT_NAME = "$(TARGET_NAME)";
				SWIFT_VERSION = 3.0;
				TEST_HOST = "$(BUILT_PRODUCTS_DIR)/batch13.app/batch13";
			};
			name = Release;
		};
		55D562C41E442D8D005E9240 /* Debug */ = {
			isa = XCBuildConfiguration;
			buildSettings = {
				ALWAYS_EMBED_SWIFT_STANDARD_LIBRARIES = YES;
				INFOPLIST_FILE = batch13UITests/Info.plist;
				LD_RUNPATH_SEARCH_PATHS = "$(inherited) @executable_path/Frameworks @loader_path/Frameworks";
				PRODUCT_BUNDLE_IDENTIFIER = com.devf.batch13UITests;
				PRODUCT_NAME = "$(TARGET_NAME)";
				SWIFT_VERSION = 3.0;
				TEST_TARGET_NAME = batch13;
			};
			name = Debug;
		};
		55D562C51E442D8D005E9240 /* Release */ = {
			isa = XCBuildConfiguration;
			buildSettings = {
				ALWAYS_EMBED_SWIFT_STANDARD_LIBRARIES = YES;
				INFOPLIST_FILE = batch13UITests/Info.plist;
				LD_RUNPATH_SEARCH_PATHS = "$(inherited) @executable_path/Frameworks @loader_path/Frameworks";
				PRODUCT_BUNDLE_IDENTIFIER = com.devf.batch13UITests;
				PRODUCT_NAME = "$(TARGET_NAME)";
				SWIFT_VERSION = 3.0;
				TEST_TARGET_NAME = batch13;
			};
			name = Release;
		};
/* End XCBuildConfiguration section */

/* Begin XCConfigurationList section */
		55D562901E442D8C005E9240 /* Build configuration list for PBXProject "batch13" */ = {
			isa = XCConfigurationList;
			buildConfigurations = (
				55D562BB1E442D8D005E9240 /* Debug */,
				55D562BC1E442D8D005E9240 /* Release */,
			);
			defaultConfigurationIsVisible = 0;
			defaultConfigurationName = Release;
		};
		55D562BD1E442D8D005E9240 /* Build configuration list for PBXNativeTarget "batch13" */ = {
			isa = XCConfigurationList;
			buildConfigurations = (
				55D562BE1E442D8D005E9240 /* Debug */,
				55D562BF1E442D8D005E9240 /* Release */,
			);
			defaultConfigurationIsVisible = 0;
			defaultConfigurationName = Release;
		};
		55D562C01E442D8D005E9240 /* Build configuration list for PBXNativeTarget "batch13Tests" */ = {
			isa = XCConfigurationList;
			buildConfigurations = (
				55D562C11E442D8D005E9240 /* Debug */,
				55D562C21E442D8D005E9240 /* Release */,
			);
			defaultConfigurationIsVisible = 0;
			defaultConfigurationName = Release;
		};
		55D562C31E442D8D005E9240 /* Build configuration list for PBXNativeTarget "batch13UITests" */ = {
			isa = XCConfigurationList;
			buildConfigurations = (
				55D562C41E442D8D005E9240 /* Debug */,
				55D562C51E442D8D005E9240 /* Release */,
			);
			defaultConfigurationIsVisible = 0;
			defaultConfigurationName = Release;
		};
/* End XCConfigurationList section */
	};
	rootObject = 55D5628D1E442D8C005E9240 /* Project object */;
}
